// !$*UTF8*$!
{
	archiveVersion = 1;
	classes = {
	};
	objectVersion = 46;
	objects = {

/* Begin PBXBuildFile section */
		260E66211DFA187F00ADC5A9 /* ContactTableViewController.swift in Sources */ = {isa = PBXBuildFile; fileRef = 260E66201DFA187F00ADC5A9 /* ContactTableViewController.swift */; };
		260E66231DFA1DFF00ADC5A9 /* ContactTableViewCell.swift in Sources */ = {isa = PBXBuildFile; fileRef = 260E66221DFA1DFF00ADC5A9 /* ContactTableViewCell.swift */; };
		269D9F341E185CC300947931 /* RestApiManager.swift in Sources */ = {isa = PBXBuildFile; fileRef = 269D9F331E185CC300947931 /* RestApiManager.swift */; };
		50CFFFE3C0CDE72AB314B835 /* Pods_LoopusApp.framework in Frameworks */ = {isa = PBXBuildFile; fileRef = BD7EEF3996AEA64DD68DB23A /* Pods_LoopusApp.framework */; };
		9F3A5CC71C634A6A00198488 /* AppDelegate.swift in Sources */ = {isa = PBXBuildFile; fileRef = 9F3A5CC61C634A6A00198488 /* AppDelegate.swift */; };
		9F3A5CC91C634A6A00198488 /* ViewController.swift in Sources */ = {isa = PBXBuildFile; fileRef = 9F3A5CC81C634A6A00198488 /* ViewController.swift */; };
		9F3A5CCC1C634A6A00198488 /* Main.storyboard in Resources */ = {isa = PBXBuildFile; fileRef = 9F3A5CCA1C634A6A00198488 /* Main.storyboard */; };
		9F3A5CCE1C634A6A00198488 /* Assets.xcassets in Resources */ = {isa = PBXBuildFile; fileRef = 9F3A5CCD1C634A6A00198488 /* Assets.xcassets */; };
		9F3A5CD11C634A6A00198488 /* LaunchScreen.storyboard in Resources */ = {isa = PBXBuildFile; fileRef = 9F3A5CCF1C634A6A00198488 /* LaunchScreen.storyboard */; };
		9F3A5CDC1C634A6A00198488 /* LoopusAppTests.swift in Sources */ = {isa = PBXBuildFile; fileRef = 9F3A5CDB1C634A6A00198488 /* LoopusAppTests.swift */; };
		9F3A5CE71C634A6A00198488 /* LoopusAppUITests.swift in Sources */ = {isa = PBXBuildFile; fileRef = 9F3A5CE61C634A6A00198488 /* LoopusAppUITests.swift */; };
		9F3A5CF51C635A4C00198488 /* FirstTabViewController.swift in Sources */ = {isa = PBXBuildFile; fileRef = 9F3A5CF41C635A4C00198488 /* FirstTabViewController.swift */; };
		9F3A5CF71C635A5B00198488 /* CalendarTabViewController.swift in Sources */ = {isa = PBXBuildFile; fileRef = 9F3A5CF61C635A5B00198488 /* CalendarTabViewController.swift */; };
		9F3A5CF91C63B22700198488 /* ThirdViewController.swift in Sources */ = {isa = PBXBuildFile; fileRef = 9F3A5CF81C63B22700198488 /* ThirdViewController.swift */; };
		9F3A5CFB1C63CA3200198488 /* ArticleTableViewCell.swift in Sources */ = {isa = PBXBuildFile; fileRef = 9F3A5CFA1C63CA3200198488 /* ArticleTableViewCell.swift */; };
		A4A0476D1DEB728A00E823CE /* Event.storyboard in Resources */ = {isa = PBXBuildFile; fileRef = A4A0476C1DEB728A00E823CE /* Event.storyboard */; };
		A4A0476F1DEB786500E823CE /* EventViewController.swift in Sources */ = {isa = PBXBuildFile; fileRef = A4A0476E1DEB786500E823CE /* EventViewController.swift */; };
		A4A57DFD1DE8CFFE002B145E /* SimpleArticleTableViewCell.swift in Sources */ = {isa = PBXBuildFile; fileRef = A4A57DFC1DE8CFFE002B145E /* SimpleArticleTableViewCell.swift */; };
		A4A57DFF1DE9D4EC002B145E /* TimeLineTableViewCell.swift in Sources */ = {isa = PBXBuildFile; fileRef = A4A57DFE1DE9D4EC002B145E /* TimeLineTableViewCell.swift */; };
		A4A57E011DEA4162002B145E /* CalendarEvent.swift in Sources */ = {isa = PBXBuildFile; fileRef = A4A57E001DEA4162002B145E /* CalendarEvent.swift */; };
/* End PBXBuildFile section */

/* Begin PBXContainerItemProxy section */
		9F3A5CD81C634A6A00198488 /* PBXContainerItemProxy */ = {
			isa = PBXContainerItemProxy;
			containerPortal = 9F3A5CBB1C634A6A00198488 /* Project object */;
			proxyType = 1;
			remoteGlobalIDString = 9F3A5CC21C634A6A00198488;
			remoteInfo = LoopusApp;
		};
		9F3A5CE31C634A6A00198488 /* PBXContainerItemProxy */ = {
			isa = PBXContainerItemProxy;
			containerPortal = 9F3A5CBB1C634A6A00198488 /* Project object */;
			proxyType = 1;
			remoteGlobalIDString = 9F3A5CC21C634A6A00198488;
			remoteInfo = LoopusApp;
		};
/* End PBXContainerItemProxy section */

/* Begin PBXCopyFilesBuildPhase section */
		264DD2981E047D1300F9DCCE /* Embed Frameworks */ = {
			isa = PBXCopyFilesBuildPhase;
			buildActionMask = 2147483647;
			dstPath = "";
			dstSubfolderSpec = 10;
			files = (
			);
			name = "Embed Frameworks";
			runOnlyForDeploymentPostprocessing = 0;
		};
/* End PBXCopyFilesBuildPhase section */

/* Begin PBXFileReference section */
		260E66201DFA187F00ADC5A9 /* ContactTableViewController.swift */ = {isa = PBXFileReference; fileEncoding = 4; lastKnownFileType = sourcecode.swift; path = ContactTableViewController.swift; sourceTree = "<group>"; };
		260E66221DFA1DFF00ADC5A9 /* ContactTableViewCell.swift */ = {isa = PBXFileReference; fileEncoding = 4; lastKnownFileType = sourcecode.swift; path = ContactTableViewCell.swift; sourceTree = "<group>"; };
		269D9F331E185CC300947931 /* RestApiManager.swift */ = {isa = PBXFileReference; fileEncoding = 4; lastKnownFileType = sourcecode.swift; path = RestApiManager.swift; sourceTree = "<group>"; };
		7C32BD38A0504579749BC19E /* Pods-LoopusApp.release.xcconfig */ = {isa = PBXFileReference; includeInIndex = 1; lastKnownFileType = text.xcconfig; name = "Pods-LoopusApp.release.xcconfig"; path = "Pods/Target Support Files/Pods-LoopusApp/Pods-LoopusApp.release.xcconfig"; sourceTree = "<group>"; };
		99FA252F86AC26526596A588 /* Pods-LoopusApp.debug.xcconfig */ = {isa = PBXFileReference; includeInIndex = 1; lastKnownFileType = text.xcconfig; name = "Pods-LoopusApp.debug.xcconfig"; path = "Pods/Target Support Files/Pods-LoopusApp/Pods-LoopusApp.debug.xcconfig"; sourceTree = "<group>"; };
		9F3A5CC31C634A6A00198488 /* LoopusApp.app */ = {isa = PBXFileReference; explicitFileType = wrapper.application; includeInIndex = 0; path = LoopusApp.app; sourceTree = BUILT_PRODUCTS_DIR; };
		9F3A5CC61C634A6A00198488 /* AppDelegate.swift */ = {isa = PBXFileReference; lastKnownFileType = sourcecode.swift; path = AppDelegate.swift; sourceTree = "<group>"; };
		9F3A5CC81C634A6A00198488 /* ViewController.swift */ = {isa = PBXFileReference; lastKnownFileType = sourcecode.swift; path = ViewController.swift; sourceTree = "<group>"; };
		9F3A5CCB1C634A6A00198488 /* Base */ = {isa = PBXFileReference; lastKnownFileType = file.storyboard; name = Base; path = Base.lproj/Main.storyboard; sourceTree = "<group>"; };
		9F3A5CCD1C634A6A00198488 /* Assets.xcassets */ = {isa = PBXFileReference; lastKnownFileType = folder.assetcatalog; path = Assets.xcassets; sourceTree = "<group>"; };
		9F3A5CD01C634A6A00198488 /* Base */ = {isa = PBXFileReference; lastKnownFileType = file.storyboard; name = Base; path = Base.lproj/LaunchScreen.storyboard; sourceTree = "<group>"; };
		9F3A5CD21C634A6A00198488 /* Info.plist */ = {isa = PBXFileReference; lastKnownFileType = text.plist.xml; path = Info.plist; sourceTree = "<group>"; };
		9F3A5CD71C634A6A00198488 /* LoopusAppTests.xctest */ = {isa = PBXFileReference; explicitFileType = wrapper.cfbundle; includeInIndex = 0; path = LoopusAppTests.xctest; sourceTree = BUILT_PRODUCTS_DIR; };
		9F3A5CDB1C634A6A00198488 /* LoopusAppTests.swift */ = {isa = PBXFileReference; lastKnownFileType = sourcecode.swift; path = LoopusAppTests.swift; sourceTree = "<group>"; };
		9F3A5CDD1C634A6A00198488 /* Info.plist */ = {isa = PBXFileReference; lastKnownFileType = text.plist.xml; path = Info.plist; sourceTree = "<group>"; };
		9F3A5CE21C634A6A00198488 /* LoopusAppUITests.xctest */ = {isa = PBXFileReference; explicitFileType = wrapper.cfbundle; includeInIndex = 0; path = LoopusAppUITests.xctest; sourceTree = BUILT_PRODUCTS_DIR; };
		9F3A5CE61C634A6A00198488 /* LoopusAppUITests.swift */ = {isa = PBXFileReference; lastKnownFileType = sourcecode.swift; path = LoopusAppUITests.swift; sourceTree = "<group>"; };
		9F3A5CE81C634A6A00198488 /* Info.plist */ = {isa = PBXFileReference; lastKnownFileType = text.plist.xml; path = Info.plist; sourceTree = "<group>"; };
		9F3A5CF41C635A4C00198488 /* FirstTabViewController.swift */ = {isa = PBXFileReference; fileEncoding = 4; lastKnownFileType = sourcecode.swift; path = FirstTabViewController.swift; sourceTree = "<group>"; };
		9F3A5CF61C635A5B00198488 /* CalendarTabViewController.swift */ = {isa = PBXFileReference; fileEncoding = 4; lastKnownFileType = sourcecode.swift; path = CalendarTabViewController.swift; sourceTree = "<group>"; };
		9F3A5CF81C63B22700198488 /* ThirdViewController.swift */ = {isa = PBXFileReference; fileEncoding = 4; lastKnownFileType = sourcecode.swift; path = ThirdViewController.swift; sourceTree = "<group>"; };
		9F3A5CFA1C63CA3200198488 /* ArticleTableViewCell.swift */ = {isa = PBXFileReference; fileEncoding = 4; lastKnownFileType = sourcecode.swift; path = ArticleTableViewCell.swift; sourceTree = "<group>"; };
		A4A0476C1DEB728A00E823CE /* Event.storyboard */ = {isa = PBXFileReference; fileEncoding = 4; lastKnownFileType = file.storyboard; path = Event.storyboard; sourceTree = "<group>"; };
		A4A0476E1DEB786500E823CE /* EventViewController.swift */ = {isa = PBXFileReference; fileEncoding = 4; lastKnownFileType = sourcecode.swift; path = EventViewController.swift; sourceTree = "<group>"; };
		A4A57DFC1DE8CFFE002B145E /* SimpleArticleTableViewCell.swift */ = {isa = PBXFileReference; fileEncoding = 4; lastKnownFileType = sourcecode.swift; path = SimpleArticleTableViewCell.swift; sourceTree = "<group>"; };
		A4A57DFE1DE9D4EC002B145E /* TimeLineTableViewCell.swift */ = {isa = PBXFileReference; fileEncoding = 4; lastKnownFileType = sourcecode.swift; path = TimeLineTableViewCell.swift; sourceTree = "<group>"; };
		A4A57E001DEA4162002B145E /* CalendarEvent.swift */ = {isa = PBXFileReference; fileEncoding = 4; lastKnownFileType = sourcecode.swift; path = CalendarEvent.swift; sourceTree = "<group>"; };
		BD7EEF3996AEA64DD68DB23A /* Pods_LoopusApp.framework */ = {isa = PBXFileReference; explicitFileType = wrapper.framework; includeInIndex = 0; path = Pods_LoopusApp.framework; sourceTree = BUILT_PRODUCTS_DIR; };
/* End PBXFileReference section */

/* Begin PBXFrameworksBuildPhase section */
		9F3A5CC01C634A6A00198488 /* Frameworks */ = {
			isa = PBXFrameworksBuildPhase;
			buildActionMask = 2147483647;
			files = (
				50CFFFE3C0CDE72AB314B835 /* Pods_LoopusApp.framework in Frameworks */,
			);
			runOnlyForDeploymentPostprocessing = 0;
		};
		9F3A5CD41C634A6A00198488 /* Frameworks */ = {
			isa = PBXFrameworksBuildPhase;
			buildActionMask = 2147483647;
			files = (
			);
			runOnlyForDeploymentPostprocessing = 0;
		};
		9F3A5CDF1C634A6A00198488 /* Frameworks */ = {
			isa = PBXFrameworksBuildPhase;
			buildActionMask = 2147483647;
			files = (
			);
			runOnlyForDeploymentPostprocessing = 0;
		};
/* End PBXFrameworksBuildPhase section */

/* Begin PBXGroup section */
		269D9F321E185C6D00947931 /* server */ = {
			isa = PBXGroup;
			children = (
				269D9F331E185CC300947931 /* RestApiManager.swift */,
			);
			name = server;
			sourceTree = "<group>";
		};
		32D26EB4A04705DD7C16C1F0 /* Pods */ = {
			isa = PBXGroup;
			children = (
				99FA252F86AC26526596A588 /* Pods-LoopusApp.debug.xcconfig */,
				7C32BD38A0504579749BC19E /* Pods-LoopusApp.release.xcconfig */,
			);
			name = Pods;
			sourceTree = "<group>";
		};
		9F3A5CBA1C634A6A00198488 = {
			isa = PBXGroup;
			children = (
				9F3A5CC51C634A6A00198488 /* LoopusApp */,
				9F3A5CDA1C634A6A00198488 /* LoopusAppTests */,
				9F3A5CE51C634A6A00198488 /* LoopusAppUITests */,
				9F3A5CC41C634A6A00198488 /* Products */,
				32D26EB4A04705DD7C16C1F0 /* Pods */,
				AAB7BD575F77BB961A644C0F /* Frameworks */,
			);
			sourceTree = "<group>";
		};
		9F3A5CC41C634A6A00198488 /* Products */ = {
			isa = PBXGroup;
			children = (
				9F3A5CC31C634A6A00198488 /* LoopusApp.app */,
				9F3A5CD71C634A6A00198488 /* LoopusAppTests.xctest */,
				9F3A5CE21C634A6A00198488 /* LoopusAppUITests.xctest */,
			);
			name = Products;
			sourceTree = "<group>";
		};
		9F3A5CC51C634A6A00198488 /* LoopusApp */ = {
			isa = PBXGroup;
			children = (
				269D9F321E185C6D00947931 /* server */,
				9F3A5CC61C634A6A00198488 /* AppDelegate.swift */,
				A4A57E001DEA4162002B145E /* CalendarEvent.swift */,
				A4A57DFC1DE8CFFE002B145E /* SimpleArticleTableViewCell.swift */,
				9F3A5CC81C634A6A00198488 /* ViewController.swift */,
				9F3A5CF41C635A4C00198488 /* FirstTabViewController.swift */,
				9F3A5CFA1C63CA3200198488 /* ArticleTableViewCell.swift */,
				9F3A5CF61C635A5B00198488 /* CalendarTabViewController.swift */,
				9F3A5CF81C63B22700198488 /* ThirdViewController.swift */,
				9F3A5CCA1C634A6A00198488 /* Main.storyboard */,
				260E66221DFA1DFF00ADC5A9 /* ContactTableViewCell.swift */,
				260E66201DFA187F00ADC5A9 /* ContactTableViewController.swift */,
				A4A0476C1DEB728A00E823CE /* Event.storyboard */,
				A4A57DFE1DE9D4EC002B145E /* TimeLineTableViewCell.swift */,
				A4A0476E1DEB786500E823CE /* EventViewController.swift */,
				9F3A5CCD1C634A6A00198488 /* Assets.xcassets */,
				9F3A5CCF1C634A6A00198488 /* LaunchScreen.storyboard */,
				9F3A5CD21C634A6A00198488 /* Info.plist */,
			);
			name = LoopusApp;
			path = LoopusApp;
			sourceTree = "<group>";
		};
		9F3A5CDA1C634A6A00198488 /* LoopusAppTests */ = {
			isa = PBXGroup;
			children = (
				9F3A5CDB1C634A6A00198488 /* LoopusAppTests.swift */,
				9F3A5CDD1C634A6A00198488 /* Info.plist */,
			);
			name = LoopusAppTests;
			path = LoopusAppTests;
			sourceTree = "<group>";
		};
		9F3A5CE51C634A6A00198488 /* LoopusAppUITests */ = {
			isa = PBXGroup;
			children = (
				9F3A5CE61C634A6A00198488 /* LoopusAppUITests.swift */,
				9F3A5CE81C634A6A00198488 /* Info.plist */,
			);
			name = LoopusAppUITests;
			path = LoopusAppUITests;
			sourceTree = "<group>";
		};
		AAB7BD575F77BB961A644C0F /* Frameworks */ = {
			isa = PBXGroup;
			children = (
				BD7EEF3996AEA64DD68DB23A /* Pods_LoopusApp.framework */,
			);
			name = Frameworks;
			sourceTree = "<group>";
		};
/* End PBXGroup section */

/* Begin PBXNativeTarget section */
		9F3A5CC21C634A6A00198488 /* LoopusApp */ = {
			isa = PBXNativeTarget;
			buildConfigurationList = 9F3A5CEB1C634A6A00198488 /* Build configuration list for PBXNativeTarget "LoopusApp" */;
			buildPhases = (
				589E9798CB7EC9E7E3134914 /* [CP] Check Pods Manifest.lock */,
				9F3A5CBF1C634A6A00198488 /* Sources */,
				9F3A5CC01C634A6A00198488 /* Frameworks */,
				9F3A5CC11C634A6A00198488 /* Resources */,
				2BACB6193ED79C9E12799048 /* [CP] Embed Pods Frameworks */,
				A00670911E1BE01EAACE9914 /* [CP] Copy Pods Resources */,
				264DD2981E047D1300F9DCCE /* Embed Frameworks */,
			);
			buildRules = (
			);
			dependencies = (
			);
			name = LoopusApp;
			productName = LoopusApp;
			productReference = 9F3A5CC31C634A6A00198488 /* LoopusApp.app */;
			productType = "com.apple.product-type.application";
		};
		9F3A5CD61C634A6A00198488 /* LoopusAppTests */ = {
			isa = PBXNativeTarget;
			buildConfigurationList = 9F3A5CEE1C634A6A00198488 /* Build configuration list for PBXNativeTarget "LoopusAppTests" */;
			buildPhases = (
				9F3A5CD31C634A6A00198488 /* Sources */,
				9F3A5CD41C634A6A00198488 /* Frameworks */,
				9F3A5CD51C634A6A00198488 /* Resources */,
			);
			buildRules = (
			);
			dependencies = (
				9F3A5CD91C634A6A00198488 /* PBXTargetDependency */,
			);
			name = LoopusAppTests;
			productName = LoopusAppTests;
			productReference = 9F3A5CD71C634A6A00198488 /* LoopusAppTests.xctest */;
			productType = "com.apple.product-type.bundle.unit-test";
		};
		9F3A5CE11C634A6A00198488 /* LoopusAppUITests */ = {
			isa = PBXNativeTarget;
			buildConfigurationList = 9F3A5CF11C634A6A00198488 /* Build configuration list for PBXNativeTarget "LoopusAppUITests" */;
			buildPhases = (
				9F3A5CDE1C634A6A00198488 /* Sources */,
				9F3A5CDF1C634A6A00198488 /* Frameworks */,
				9F3A5CE01C634A6A00198488 /* Resources */,
			);
			buildRules = (
			);
			dependencies = (
				9F3A5CE41C634A6A00198488 /* PBXTargetDependency */,
			);
			name = LoopusAppUITests;
			productName = LoopusAppUITests;
			productReference = 9F3A5CE21C634A6A00198488 /* LoopusAppUITests.xctest */;
			productType = "com.apple.product-type.bundle.ui-testing";
		};
/* End PBXNativeTarget section */

/* Begin PBXProject section */
		9F3A5CBB1C634A6A00198488 /* Project object */ = {
			isa = PBXProject;
			attributes = {
				LastSwiftUpdateCheck = 0720;
				LastUpgradeCheck = 0810;
				ORGANIZATIONNAME = Allen;
				TargetAttributes = {
					9F3A5CC21C634A6A00198488 = {
						CreatedOnToolsVersion = 7.2;
						LastSwiftMigration = 0810;
						ProvisioningStyle = Manual;
					};
					9F3A5CD61C634A6A00198488 = {
						CreatedOnToolsVersion = 7.2;
						LastSwiftMigration = 0810;
						TestTargetID = 9F3A5CC21C634A6A00198488;
					};
					9F3A5CE11C634A6A00198488 = {
						CreatedOnToolsVersion = 7.2;
						LastSwiftMigration = 0810;
						TestTargetID = 9F3A5CC21C634A6A00198488;
					};
				};
			};
			buildConfigurationList = 9F3A5CBE1C634A6A00198488 /* Build configuration list for PBXProject "LoopusApp" */;
			compatibilityVersion = "Xcode 3.2";
			developmentRegion = English;
			hasScannedForEncodings = 0;
			knownRegions = (
				en,
				Base,
			);
			mainGroup = 9F3A5CBA1C634A6A00198488;
			productRefGroup = 9F3A5CC41C634A6A00198488 /* Products */;
			projectDirPath = "";
			projectRoot = "";
			targets = (
				9F3A5CC21C634A6A00198488 /* LoopusApp */,
				9F3A5CD61C634A6A00198488 /* LoopusAppTests */,
				9F3A5CE11C634A6A00198488 /* LoopusAppUITests */,
			);
		};
/* End PBXProject section */

/* Begin PBXResourcesBuildPhase section */
		9F3A5CC11C634A6A00198488 /* Resources */ = {
			isa = PBXResourcesBuildPhase;
			buildActionMask = 2147483647;
			files = (
				9F3A5CD11C634A6A00198488 /* LaunchScreen.storyboard in Resources */,
				A4A0476D1DEB728A00E823CE /* Event.storyboard in Resources */,
				9F3A5CCE1C634A6A00198488 /* Assets.xcassets in Resources */,
				9F3A5CCC1C634A6A00198488 /* Main.storyboard in Resources */,
			);
			runOnlyForDeploymentPostprocessing = 0;
		};
		9F3A5CD51C634A6A00198488 /* Resources */ = {
			isa = PBXResourcesBuildPhase;
			buildActionMask = 2147483647;
			files = (
			);
			runOnlyForDeploymentPostprocessing = 0;
		};
		9F3A5CE01C634A6A00198488 /* Resources */ = {
			isa = PBXResourcesBuildPhase;
			buildActionMask = 2147483647;
			files = (
			);
			runOnlyForDeploymentPostprocessing = 0;
		};
/* End PBXResourcesBuildPhase section */

/* Begin PBXShellScriptBuildPhase section */
		2BACB6193ED79C9E12799048 /* [CP] Embed Pods Frameworks */ = {
			isa = PBXShellScriptBuildPhase;
			buildActionMask = 2147483647;
			files = (
			);
			inputPaths = (
			);
			name = "[CP] Embed Pods Frameworks";
			outputPaths = (
			);
			runOnlyForDeploymentPostprocessing = 0;
			shellPath = /bin/sh;
			shellScript = "\"${SRCROOT}/Pods/Target Support Files/Pods-LoopusApp/Pods-LoopusApp-frameworks.sh\"\n";
			showEnvVarsInLog = 0;
		};
		589E9798CB7EC9E7E3134914 /* [CP] Check Pods Manifest.lock */ = {
			isa = PBXShellScriptBuildPhase;
			buildActionMask = 2147483647;
			files = (
			);
			inputPaths = (
			);
			name = "[CP] Check Pods Manifest.lock";
			outputPaths = (
			);
			runOnlyForDeploymentPostprocessing = 0;
			shellPath = /bin/sh;
			shellScript = "diff \"${PODS_ROOT}/../Podfile.lock\" \"${PODS_ROOT}/Manifest.lock\" > /dev/null\nif [ $? != 0 ] ; then\n    # print error to STDERR\n    echo \"error: The sandbox is not in sync with the Podfile.lock. Run 'pod install' or update your CocoaPods installation.\" >&2\n    exit 1\nfi\n";
			showEnvVarsInLog = 0;
		};
		A00670911E1BE01EAACE9914 /* [CP] Copy Pods Resources */ = {
			isa = PBXShellScriptBuildPhase;
			buildActionMask = 2147483647;
			files = (
			);
			inputPaths = (
			);
			name = "[CP] Copy Pods Resources";
			outputPaths = (
			);
			runOnlyForDeploymentPostprocessing = 0;
			shellPath = /bin/sh;
			shellScript = "\"${SRCROOT}/Pods/Target Support Files/Pods-LoopusApp/Pods-LoopusApp-resources.sh\"\n";
			showEnvVarsInLog = 0;
		};
/* End PBXShellScriptBuildPhase section */

/* Begin PBXSourcesBuildPhase section */
		9F3A5CBF1C634A6A00198488 /* Sources */ = {
			isa = PBXSourcesBuildPhase;
			buildActionMask = 2147483647;
			files = (
				260E66231DFA1DFF00ADC5A9 /* ContactTableViewCell.swift in Sources */,
				A4A57DFF1DE9D4EC002B145E /* TimeLineTableViewCell.swift in Sources */,
				A4A57E011DEA4162002B145E /* CalendarEvent.swift in Sources */,
				9F3A5CF51C635A4C00198488 /* FirstTabViewController.swift in Sources */,
				269D9F341E185CC300947931 /* RestApiManager.swift in Sources */,
				9F3A5CC91C634A6A00198488 /* ViewController.swift in Sources */,
				9F3A5CF91C63B22700198488 /* ThirdViewController.swift in Sources */,
				A4A0476F1DEB786500E823CE /* EventViewController.swift in Sources */,
				9F3A5CF71C635A5B00198488 /* CalendarTabViewController.swift in Sources */,
				A4A57DFD1DE8CFFE002B145E /* SimpleArticleTableViewCell.swift in Sources */,
				260E66211DFA187F00ADC5A9 /* ContactTableViewController.swift in Sources */,
				9F3A5CFB1C63CA3200198488 /* ArticleTableViewCell.swift in Sources */,
				9F3A5CC71C634A6A00198488 /* AppDelegate.swift in Sources */,
			);
			runOnlyForDeploymentPostprocessing = 0;
		};
		9F3A5CD31C634A6A00198488 /* Sources */ = {
			isa = PBXSourcesBuildPhase;
			buildActionMask = 2147483647;
			files = (
				9F3A5CDC1C634A6A00198488 /* LoopusAppTests.swift in Sources */,
			);
			runOnlyForDeploymentPostprocessing = 0;
		};
		9F3A5CDE1C634A6A00198488 /* Sources */ = {
			isa = PBXSourcesBuildPhase;
			buildActionMask = 2147483647;
			files = (
				9F3A5CE71C634A6A00198488 /* LoopusAppUITests.swift in Sources */,
			);
			runOnlyForDeploymentPostprocessing = 0;
		};
/* End PBXSourcesBuildPhase section */

/* Begin PBXTargetDependency section */
		9F3A5CD91C634A6A00198488 /* PBXTargetDependency */ = {
			isa = PBXTargetDependency;
			target = 9F3A5CC21C634A6A00198488 /* LoopusApp */;
			targetProxy = 9F3A5CD81C634A6A00198488 /* PBXContainerItemProxy */;
		};
		9F3A5CE41C634A6A00198488 /* PBXTargetDependency */ = {
			isa = PBXTargetDependency;
			target = 9F3A5CC21C634A6A00198488 /* LoopusApp */;
			targetProxy = 9F3A5CE31C634A6A00198488 /* PBXContainerItemProxy */;
		};
/* End PBXTargetDependency section */

/* Begin PBXVariantGroup section */
		9F3A5CCA1C634A6A00198488 /* Main.storyboard */ = {
			isa = PBXVariantGroup;
			children = (
				9F3A5CCB1C634A6A00198488 /* Base */,
			);
			name = Main.storyboard;
			sourceTree = "<group>";
		};
		9F3A5CCF1C634A6A00198488 /* LaunchScreen.storyboard */ = {
			isa = PBXVariantGroup;
			children = (
				9F3A5CD01C634A6A00198488 /* Base */,
			);
			name = LaunchScreen.storyboard;
			sourceTree = "<group>";
		};
/* End PBXVariantGroup section */

/* Begin XCBuildConfiguration section */
		9F3A5CE91C634A6A00198488 /* Debug */ = {
			isa = XCBuildConfiguration;
			buildSettings = {
				ALWAYS_SEARCH_USER_PATHS = NO;
				CLANG_CXX_LANGUAGE_STANDARD = "gnu++0x";
				CLANG_CXX_LIBRARY = "libc++";
				CLANG_ENABLE_MODULES = YES;
				CLANG_ENABLE_OBJC_ARC = YES;
				CLANG_WARN_BOOL_CONVERSION = YES;
				CLANG_WARN_CONSTANT_CONVERSION = YES;
				CLANG_WARN_DIRECT_OBJC_ISA_USAGE = YES_ERROR;
				CLANG_WARN_EMPTY_BODY = YES;
				CLANG_WARN_ENUM_CONVERSION = YES;
				CLANG_WARN_INFINITE_RECURSION = YES;
				CLANG_WARN_INT_CONVERSION = YES;
				CLANG_WARN_OBJC_ROOT_CLASS = YES_ERROR;
				CLANG_WARN_SUSPICIOUS_MOVE = YES;
				CLANG_WARN_UNREACHABLE_CODE = YES;
				CLANG_WARN__DUPLICATE_METHOD_MATCH = YES;
				"CODE_SIGN_IDENTITY[sdk=iphoneos*]" = "iPhone Developer";
				COPY_PHASE_STRIP = NO;
				DEBUG_INFORMATION_FORMAT = dwarf;
				ENABLE_STRICT_OBJC_MSGSEND = YES;
				ENABLE_TESTABILITY = YES;
				GCC_C_LANGUAGE_STANDARD = gnu99;
				GCC_DYNAMIC_NO_PIC = NO;
				GCC_NO_COMMON_BLOCKS = YES;
				GCC_OPTIMIZATION_LEVEL = 0;
				GCC_PREPROCESSOR_DEFINITIONS = (
					"DEBUG=1",
					"$(inherited)",
				);
				GCC_WARN_64_TO_32_BIT_CONVERSION = YES;
				GCC_WARN_ABOUT_RETURN_TYPE = YES_ERROR;
				GCC_WARN_UNDECLARED_SELECTOR = YES;
				GCC_WARN_UNINITIALIZED_AUTOS = YES_AGGRESSIVE;
				GCC_WARN_UNUSED_FUNCTION = YES;
				GCC_WARN_UNUSED_VARIABLE = YES;
				IPHONEOS_DEPLOYMENT_TARGET = 9.2;
				MTL_ENABLE_DEBUG_INFO = YES;
				ONLY_ACTIVE_ARCH = YES;
				SDKROOT = iphoneos;
				SWIFT_OPTIMIZATION_LEVEL = "-Onone";
			};
			name = Debug;
		};
		9F3A5CEA1C634A6A00198488 /* Release */ = {
			isa = XCBuildConfiguration;
			buildSettings = {
				ALWAYS_SEARCH_USER_PATHS = NO;
				CLANG_CXX_LANGUAGE_STANDARD = "gnu++0x";
				CLANG_CXX_LIBRARY = "libc++";
				CLANG_ENABLE_MODULES = YES;
				CLANG_ENABLE_OBJC_ARC = YES;
				CLANG_WARN_BOOL_CONVERSION = YES;
				CLANG_WARN_CONSTANT_CONVERSION = YES;
				CLANG_WARN_DIRECT_OBJC_ISA_USAGE = YES_ERROR;
				CLANG_WARN_EMPTY_BODY = YES;
				CLANG_WARN_ENUM_CONVERSION = YES;
				CLANG_WARN_INFINITE_RECURSION = YES;
				CLANG_WARN_INT_CONVERSION = YES;
				CLANG_WARN_OBJC_ROOT_CLASS = YES_ERROR;
				CLANG_WARN_SUSPICIOUS_MOVE = YES;
				CLANG_WARN_UNREACHABLE_CODE = YES;
				CLANG_WARN__DUPLICATE_METHOD_MATCH = YES;
				"CODE_SIGN_IDENTITY[sdk=iphoneos*]" = "iPhone Developer";
				COPY_PHASE_STRIP = NO;
				DEBUG_INFORMATION_FORMAT = "dwarf-with-dsym";
				ENABLE_NS_ASSERTIONS = NO;
				ENABLE_STRICT_OBJC_MSGSEND = YES;
				GCC_C_LANGUAGE_STANDARD = gnu99;
				GCC_NO_COMMON_BLOCKS = YES;
				GCC_WARN_64_TO_32_BIT_CONVERSION = YES;
				GCC_WARN_ABOUT_RETURN_TYPE = YES_ERROR;
				GCC_WARN_UNDECLARED_SELECTOR = YES;
				GCC_WARN_UNINITIALIZED_AUTOS = YES_AGGRESSIVE;
				GCC_WARN_UNUSED_FUNCTION = YES;
				GCC_WARN_UNUSED_VARIABLE = YES;
				IPHONEOS_DEPLOYMENT_TARGET = 9.2;
				MTL_ENABLE_DEBUG_INFO = NO;
				SDKROOT = iphoneos;
				SWIFT_OPTIMIZATION_LEVEL = "-Owholemodule";
				VALIDATE_PRODUCT = YES;
			};
			name = Release;
		};
		9F3A5CEC1C634A6A00198488 /* Debug */ = {
			isa = XCBuildConfiguration;
			baseConfigurationReference = 99FA252F86AC26526596A588 /* Pods-LoopusApp.debug.xcconfig */;
			buildSettings = {
				ALWAYS_EMBED_SWIFT_STANDARD_LIBRARIES = "$(inherited)";
				ASSETCATALOG_COMPILER_APPICON_NAME = AppIcon;
				DEVELOPMENT_TEAM = "";
				FRAMEWORK_SEARCH_PATHS = (
					"$(inherited)",
					"$(PROJECT_DIR)/Sdk/Aws",
				);
				INFOPLIST_FILE = LoopusApp/Info.plist;
				LD_RUNPATH_SEARCH_PATHS = "$(inherited) @executable_path/Frameworks";
				PRODUCT_BUNDLE_IDENTIFIER = me.appkitchen.LoopusApp;
				PRODUCT_NAME = "$(TARGET_NAME)";
				SWIFT_VERSION = 3.0;
			};
			name = Debug;
		};
		9F3A5CED1C634A6A00198488 /* Release */ = {
			isa = XCBuildConfiguration;
			baseConfigurationReference = 7C32BD38A0504579749BC19E /* Pods-LoopusApp.release.xcconfig */;
			buildSettings = {
				ALWAYS_EMBED_SWIFT_STANDARD_LIBRARIES = "$(inherited)";
				ASSETCATALOG_COMPILER_APPICON_NAME = AppIcon;
				DEVELOPMENT_TEAM = "";
				FRAMEWORK_SEARCH_PATHS = (
					"$(inherited)",
					"$(PROJECT_DIR)/Sdk/Aws",
				);
				INFOPLIST_FILE = LoopusApp/Info.plist;
				LD_RUNPATH_SEARCH_PATHS = "$(inherited) @executable_path/Frameworks";
				PRODUCT_BUNDLE_IDENTIFIER = me.appkitchen.LoopusApp;
				PRODUCT_NAME = "$(TARGET_NAME)";
				SWIFT_VERSION = 3.0;
			};
			name = Release;
		};
		9F3A5CEF1C634A6A00198488 /* Debug */ = {
			isa = XCBuildConfiguration;
			buildSettings = {
				BUNDLE_LOADER = "$(TEST_HOST)";
				INFOPLIST_FILE = LoopusAppTests/Info.plist;
				LD_RUNPATH_SEARCH_PATHS = "$(inherited) @executable_path/Frameworks @loader_path/Frameworks";
				PRODUCT_BUNDLE_IDENTIFIER = me.appkitchen.LoopusAppTests;
				PRODUCT_NAME = "$(TARGET_NAME)";
				SWIFT_VERSION = 3.0;
				TEST_HOST = "$(BUILT_PRODUCTS_DIR)/LoopusApp.app/LoopusApp";
			};
			name = Debug;
		};
		9F3A5CF01C634A6A00198488 /* Release */ = {
			isa = XCBuildConfiguration;
			buildSettings = {
				BUNDLE_LOADER = "$(TEST_HOST)";
				INFOPLIST_FILE = LoopusAppTests/Info.plist;
				LD_RUNPATH_SEARCH_PATHS = "$(inherited) @executable_path/Frameworks @loader_path/Frameworks";
				PRODUCT_BUNDLE_IDENTIFIER = me.appkitchen.LoopusAppTests;
				PRODUCT_NAME = "$(TARGET_NAME)";
				SWIFT_VERSION = 3.0;
				TEST_HOST = "$(BUILT_PRODUCTS_DIR)/LoopusApp.app/LoopusApp";
			};
			name = Release;
		};
		9F3A5CF21C634A6A00198488 /* Debug */ = {
			isa = XCBuildConfiguration;
			buildSettings = {
				INFOPLIST_FILE = LoopusAppUITests/Info.plist;
				LD_RUNPATH_SEARCH_PATHS = "$(inherited) @executable_path/Frameworks @loader_path/Frameworks";
				PRODUCT_BUNDLE_IDENTIFIER = me.appkitchen.LoopusAppUITests;
				PRODUCT_NAME = "$(TARGET_NAME)";
				SWIFT_VERSION = 3.0;
				TEST_TARGET_NAME = LoopusApp;
				USES_XCTRUNNER = YES;
			};
			name = Debug;
		};
		9F3A5CF31C634A6A00198488 /* Release */ = {
			isa = XCBuildConfiguration;
			buildSettings = {
				INFOPLIST_FILE = LoopusAppUITests/Info.plist;
				LD_RUNPATH_SEARCH_PATHS = "$(inherited) @executable_path/Frameworks @loader_path/Frameworks";
				PRODUCT_BUNDLE_IDENTIFIER = me.appkitchen.LoopusAppUITests;
				PRODUCT_NAME = "$(TARGET_NAME)";
				SWIFT_VERSION = 3.0;
				TEST_TARGET_NAME = LoopusApp;
				USES_XCTRUNNER = YES;
			};
			name = Release;
		};
/* End XCBuildConfiguration section */

/* Begin XCConfigurationList section */
		9F3A5CBE1C634A6A00198488 /* Build configuration list for PBXProject "LoopusApp" */ = {
			isa = XCConfigurationList;
			buildConfigurations = (
				9F3A5CE91C634A6A00198488 /* Debug */,
				9F3A5CEA1C634A6A00198488 /* Release */,
			);
			defaultConfigurationIsVisible = 0;
			defaultConfigurationName = Release;
		};
		9F3A5CEB1C634A6A00198488 /* Build configuration list for PBXNativeTarget "LoopusApp" */ = {
			isa = XCConfigurationList;
			buildConfigurations = (
				9F3A5CEC1C634A6A00198488 /* Debug */,
				9F3A5CED1C634A6A00198488 /* Release */,
			);
			defaultConfigurationIsVisible = 0;
			defaultConfigurationName = Release;
		};
		9F3A5CEE1C634A6A00198488 /* Build configuration list for PBXNativeTarget "LoopusAppTests" */ = {
			isa = XCConfigurationList;
			buildConfigurations = (
				9F3A5CEF1C634A6A00198488 /* Debug */,
				9F3A5CF01C634A6A00198488 /* Release */,
			);
			defaultConfigurationIsVisible = 0;
			defaultConfigurationName = Release;
		};
		9F3A5CF11C634A6A00198488 /* Build configuration list for PBXNativeTarget "LoopusAppUITests" */ = {
			isa = XCConfigurationList;
			buildConfigurations = (
				9F3A5CF21C634A6A00198488 /* Debug */,
				9F3A5CF31C634A6A00198488 /* Release */,
			);
			defaultConfigurationIsVisible = 0;
			defaultConfigurationName = Release;
		};
/* End XCConfigurationList section */
	};
	rootObject = 9F3A5CBB1C634A6A00198488 /* Project object */;
}
